
Microsoft Visual Studio Solution File, Format Version 12.00
# Visual Studio Version 16
VisualStudioVersion = 16.0.28803.352
MinimumVisualStudioVersion = 10.0.40219.1
Project("{FAE04EC0-301F-11D3-BF4B-00C04F79EFBC}") = "convertdecimalToBull", "convertdecimalToBull\convertdecimalToBull.csproj", "{511CF4C0-1F5A-4184-AA5E-94FD0F5AFE94}"
EndProject
Global
	GlobalSection(SolutionConfigurationPlatforms) = preSolution
		Debug|Any CPU = Debug|Any CPU
		Release|Any CPU = Release|Any CPU
	EndGlobalSection
	GlobalSection(ProjectConfigurationPlatforms) = postSolution
		{511CF4C0-1F5A-4184-AA5E-94FD0F5AFE94}.Debug|Any CPU.ActiveCfg = Debug|Any CPU
		{511CF4C0-1F5A-4184-AA5E-94FD0F5AFE94}.Debug|Any CPU.Build.0 = Debug|Any CPU
		{511CF4C0-1F5A-4184-AA5E-94FD0F5AFE94}.Release|Any CPU.ActiveCfg = Release|Any CPU
		{511CF4C0-1F5A-4184-AA5E-94FD0F5AFE94}.Release|Any CPU.Build.0 = Release|Any CPU
	EndGlobalSection
	GlobalSection(SolutionProperties) = preSolution
		HideSolutionNode = FALSE
	EndGlobalSection
	GlobalSection(ExtensibilityGlobals) = postSolution
		SolutionGuid = {B3C2C671-7C59-4F26-8A4F-3C53AEE138B2}
	EndGlobalSection
EndGlobal
