
Microsoft Visual Studio Solution File, Format Version 12.00
# Visual Studio Version 16
VisualStudioVersion = 16.0.28803.352
MinimumVisualStudioVersion = 10.0.40219.1
Project("{FAE04EC0-301F-11D3-BF4B-00C04F79EFBC}") = "YardGreening", "YardGreening\YardGreening.csproj", "{B8115ADB-74ED-4298-8EB3-B4E634A795DE}"
EndProject
Global
	GlobalSection(SolutionConfigurationPlatforms) = preSolution
		Debug|Any CPU = Debug|Any CPU
		Release|Any CPU = Release|Any CPU
	EndGlobalSection
	GlobalSection(ProjectConfigurationPlatforms) = postSolution
		{B8115ADB-74ED-4298-8EB3-B4E634A795DE}.Debug|Any CPU.ActiveCfg = Debug|Any CPU
		{B8115ADB-74ED-4298-8EB3-B4E634A795DE}.Debug|Any CPU.Build.0 = Debug|Any CPU
		{B8115ADB-74ED-4298-8EB3-B4E634A795DE}.Release|Any CPU.ActiveCfg = Release|Any CPU
		{B8115ADB-74ED-4298-8EB3-B4E634A795DE}.Release|Any CPU.Build.0 = Release|Any CPU
	EndGlobalSection
	GlobalSection(SolutionProperties) = preSolution
		HideSolutionNode = FALSE
	EndGlobalSection
	GlobalSection(ExtensibilityGlobals) = postSolution
		SolutionGuid = {E23A17B4-60E0-49ED-8825-1F6454D01FB8}
	EndGlobalSection
EndGlobal
