
Microsoft Visual Studio Solution File, Format Version 12.00
# Visual Studio Version 16
VisualStudioVersion = 16.0.28803.352
MinimumVisualStudioVersion = 10.0.40219.1
Project("{FAE04EC0-301F-11D3-BF4B-00C04F79EFBC}") = "USDtoBGN", "USDtoBGN\USDtoBGN.csproj", "{2FC9B97B-915F-40EC-8798-F5C84DA8E244}"
EndProject
Global
	GlobalSection(SolutionConfigurationPlatforms) = preSolution
		Debug|Any CPU = Debug|Any CPU
		Release|Any CPU = Release|Any CPU
	EndGlobalSection
	GlobalSection(ProjectConfigurationPlatforms) = postSolution
		{2FC9B97B-915F-40EC-8798-F5C84DA8E244}.Debug|Any CPU.ActiveCfg = Debug|Any CPU
		{2FC9B97B-915F-40EC-8798-F5C84DA8E244}.Debug|Any CPU.Build.0 = Debug|Any CPU
		{2FC9B97B-915F-40EC-8798-F5C84DA8E244}.Release|Any CPU.ActiveCfg = Release|Any CPU
		{2FC9B97B-915F-40EC-8798-F5C84DA8E244}.Release|Any CPU.Build.0 = Release|Any CPU
	EndGlobalSection
	GlobalSection(SolutionProperties) = preSolution
		HideSolutionNode = FALSE
	EndGlobalSection
	GlobalSection(ExtensibilityGlobals) = postSolution
		SolutionGuid = {1267A5B3-8A8D-4381-AC86-86BA04F98895}
	EndGlobalSection
EndGlobal
