
Microsoft Visual Studio Solution File, Format Version 12.00
# Visual Studio Version 16
VisualStudioVersion = 16.0.28803.352
MinimumVisualStudioVersion = 10.0.40219.1
Project("{FAE04EC0-301F-11D3-BF4B-00C04F79EFBC}") = "Number sequence", "Number sequence\Number sequence.csproj", "{60E9B8FF-DE91-46A3-9B2A-B3F6E5AA281B}"
EndProject
Global
	GlobalSection(SolutionConfigurationPlatforms) = preSolution
		Debug|Any CPU = Debug|Any CPU
		Release|Any CPU = Release|Any CPU
	EndGlobalSection
	GlobalSection(ProjectConfigurationPlatforms) = postSolution
		{60E9B8FF-DE91-46A3-9B2A-B3F6E5AA281B}.Debug|Any CPU.ActiveCfg = Debug|Any CPU
		{60E9B8FF-DE91-46A3-9B2A-B3F6E5AA281B}.Debug|Any CPU.Build.0 = Debug|Any CPU
		{60E9B8FF-DE91-46A3-9B2A-B3F6E5AA281B}.Release|Any CPU.ActiveCfg = Release|Any CPU
		{60E9B8FF-DE91-46A3-9B2A-B3F6E5AA281B}.Release|Any CPU.Build.0 = Release|Any CPU
	EndGlobalSection
	GlobalSection(SolutionProperties) = preSolution
		HideSolutionNode = FALSE
	EndGlobalSection
	GlobalSection(ExtensibilityGlobals) = postSolution
		SolutionGuid = {6EA1923E-AF22-46E9-808F-BE0292E99D09}
	EndGlobalSection
EndGlobal
