
Microsoft Visual Studio Solution File, Format Version 12.00
# Visual Studio Version 16
VisualStudioVersion = 16.0.28803.352
MinimumVisualStudioVersion = 10.0.40219.1
Project("{FAE04EC0-301F-11D3-BF4B-00C04F79EFBC}") = "GreaterNumber", "GreaterNumber\GreaterNumber.csproj", "{9FA857DC-FAC9-4330-8CA8-F0A3EACE1FD0}"
EndProject
Global
	GlobalSection(SolutionConfigurationPlatforms) = preSolution
		Debug|Any CPU = Debug|Any CPU
		Release|Any CPU = Release|Any CPU
	EndGlobalSection
	GlobalSection(ProjectConfigurationPlatforms) = postSolution
		{9FA857DC-FAC9-4330-8CA8-F0A3EACE1FD0}.Debug|Any CPU.ActiveCfg = Debug|Any CPU
		{9FA857DC-FAC9-4330-8CA8-F0A3EACE1FD0}.Debug|Any CPU.Build.0 = Debug|Any CPU
		{9FA857DC-FAC9-4330-8CA8-F0A3EACE1FD0}.Release|Any CPU.ActiveCfg = Release|Any CPU
		{9FA857DC-FAC9-4330-8CA8-F0A3EACE1FD0}.Release|Any CPU.Build.0 = Release|Any CPU
	EndGlobalSection
	GlobalSection(SolutionProperties) = preSolution
		HideSolutionNode = FALSE
	EndGlobalSection
	GlobalSection(ExtensibilityGlobals) = postSolution
		SolutionGuid = {D2E0BACB-BEFA-46C7-8759-E7EE6A9F84A8}
	EndGlobalSection
EndGlobal
