
Microsoft Visual Studio Solution File, Format Version 12.00
# Visual Studio Version 16
VisualStudioVersion = 16.0.29306.81
MinimumVisualStudioVersion = 10.0.40219.1
Project("{FAE04EC0-301F-11D3-BF4B-00C04F79EFBC}") = "Seats", "Seats\Seats.csproj", "{F7FCCBF4-9DC5-49A3-9407-F6F8B47D42FF}"
EndProject
Global
	GlobalSection(SolutionConfigurationPlatforms) = preSolution
		Debug|Any CPU = Debug|Any CPU
		Release|Any CPU = Release|Any CPU
	EndGlobalSection
	GlobalSection(ProjectConfigurationPlatforms) = postSolution
		{F7FCCBF4-9DC5-49A3-9407-F6F8B47D42FF}.Debug|Any CPU.ActiveCfg = Debug|Any CPU
		{F7FCCBF4-9DC5-49A3-9407-F6F8B47D42FF}.Debug|Any CPU.Build.0 = Debug|Any CPU
		{F7FCCBF4-9DC5-49A3-9407-F6F8B47D42FF}.Release|Any CPU.ActiveCfg = Release|Any CPU
		{F7FCCBF4-9DC5-49A3-9407-F6F8B47D42FF}.Release|Any CPU.Build.0 = Release|Any CPU
	EndGlobalSection
	GlobalSection(SolutionProperties) = preSolution
		HideSolutionNode = FALSE
	EndGlobalSection
	GlobalSection(ExtensibilityGlobals) = postSolution
		SolutionGuid = {165F7B7B-B82F-456E-9979-8B6F8354A5A7}
	EndGlobalSection
EndGlobal
