
Microsoft Visual Studio Solution File, Format Version 12.00
# Visual Studio Version 16
VisualStudioVersion = 16.0.28803.352
MinimumVisualStudioVersion = 10.0.40219.1
Project("{FAE04EC0-301F-11D3-BF4B-00C04F79EFBC}") = "bonus point", "Sum Seconds\bonus point.csproj", "{8539733D-1838-4B77-9BC8-D24A59DDA4A5}"
EndProject
Global
	GlobalSection(SolutionConfigurationPlatforms) = preSolution
		Debug|Any CPU = Debug|Any CPU
		Release|Any CPU = Release|Any CPU
	EndGlobalSection
	GlobalSection(ProjectConfigurationPlatforms) = postSolution
		{8539733D-1838-4B77-9BC8-D24A59DDA4A5}.Debug|Any CPU.ActiveCfg = Debug|Any CPU
		{8539733D-1838-4B77-9BC8-D24A59DDA4A5}.Debug|Any CPU.Build.0 = Debug|Any CPU
		{8539733D-1838-4B77-9BC8-D24A59DDA4A5}.Release|Any CPU.ActiveCfg = Release|Any CPU
		{8539733D-1838-4B77-9BC8-D24A59DDA4A5}.Release|Any CPU.Build.0 = Release|Any CPU
	EndGlobalSection
	GlobalSection(SolutionProperties) = preSolution
		HideSolutionNode = FALSE
	EndGlobalSection
	GlobalSection(ExtensibilityGlobals) = postSolution
		SolutionGuid = {2EA7C0BB-D9BF-4510-AD54-5781F8D04CBE}
	EndGlobalSection
EndGlobal
