
Microsoft Visual Studio Solution File, Format Version 12.00
# Visual Studio Version 16
VisualStudioVersion = 16.0.28803.352
MinimumVisualStudioVersion = 10.0.40219.1
Project("{FAE04EC0-301F-11D3-BF4B-00C04F79EFBC}") = "Day of Week", "Day of Week\Day of Week.csproj", "{703C8BCA-9964-4C69-812E-B18DB5ECAD1B}"
EndProject
Global
	GlobalSection(SolutionConfigurationPlatforms) = preSolution
		Debug|Any CPU = Debug|Any CPU
		Release|Any CPU = Release|Any CPU
	EndGlobalSection
	GlobalSection(ProjectConfigurationPlatforms) = postSolution
		{703C8BCA-9964-4C69-812E-B18DB5ECAD1B}.Debug|Any CPU.ActiveCfg = Debug|Any CPU
		{703C8BCA-9964-4C69-812E-B18DB5ECAD1B}.Debug|Any CPU.Build.0 = Debug|Any CPU
		{703C8BCA-9964-4C69-812E-B18DB5ECAD1B}.Release|Any CPU.ActiveCfg = Release|Any CPU
		{703C8BCA-9964-4C69-812E-B18DB5ECAD1B}.Release|Any CPU.Build.0 = Release|Any CPU
	EndGlobalSection
	GlobalSection(SolutionProperties) = preSolution
		HideSolutionNode = FALSE
	EndGlobalSection
	GlobalSection(ExtensibilityGlobals) = postSolution
		SolutionGuid = {67E351D9-4E48-4D48-94E0-C209856779DB}
	EndGlobalSection
EndGlobal
