
Microsoft Visual Studio Solution File, Format Version 12.00
# Visual Studio Version 16
VisualStudioVersion = 16.0.28803.352
MinimumVisualStudioVersion = 10.0.40219.1
Project("{FAE04EC0-301F-11D3-BF4B-00C04F79EFBC}") = "Sum Numbers", "Sum Numbers\Sum Numbers.csproj", "{23401AEF-BF44-4B5B-ABFD-81E394FB3C3A}"
EndProject
Global
	GlobalSection(SolutionConfigurationPlatforms) = preSolution
		Debug|Any CPU = Debug|Any CPU
		Release|Any CPU = Release|Any CPU
	EndGlobalSection
	GlobalSection(ProjectConfigurationPlatforms) = postSolution
		{23401AEF-BF44-4B5B-ABFD-81E394FB3C3A}.Debug|Any CPU.ActiveCfg = Debug|Any CPU
		{23401AEF-BF44-4B5B-ABFD-81E394FB3C3A}.Debug|Any CPU.Build.0 = Debug|Any CPU
		{23401AEF-BF44-4B5B-ABFD-81E394FB3C3A}.Release|Any CPU.ActiveCfg = Release|Any CPU
		{23401AEF-BF44-4B5B-ABFD-81E394FB3C3A}.Release|Any CPU.Build.0 = Release|Any CPU
	EndGlobalSection
	GlobalSection(SolutionProperties) = preSolution
		HideSolutionNode = FALSE
	EndGlobalSection
	GlobalSection(ExtensibilityGlobals) = postSolution
		SolutionGuid = {C992CBB2-11AA-4641-A55C-3FCE5195D9D5}
	EndGlobalSection
EndGlobal
