
Microsoft Visual Studio Solution File, Format Version 12.00
# Visual Studio Version 16
VisualStudioVersion = 16.0.28803.352
MinimumVisualStudioVersion = 10.0.40219.1
Project("{FAE04EC0-301F-11D3-BF4B-00C04F79EFBC}") = "Histogram", "Histogram\Histogram.csproj", "{0D14D242-3C61-4986-8A5E-4FD004E49968}"
EndProject
Global
	GlobalSection(SolutionConfigurationPlatforms) = preSolution
		Debug|Any CPU = Debug|Any CPU
		Release|Any CPU = Release|Any CPU
	EndGlobalSection
	GlobalSection(ProjectConfigurationPlatforms) = postSolution
		{0D14D242-3C61-4986-8A5E-4FD004E49968}.Debug|Any CPU.ActiveCfg = Debug|Any CPU
		{0D14D242-3C61-4986-8A5E-4FD004E49968}.Debug|Any CPU.Build.0 = Debug|Any CPU
		{0D14D242-3C61-4986-8A5E-4FD004E49968}.Release|Any CPU.ActiveCfg = Release|Any CPU
		{0D14D242-3C61-4986-8A5E-4FD004E49968}.Release|Any CPU.Build.0 = Release|Any CPU
	EndGlobalSection
	GlobalSection(SolutionProperties) = preSolution
		HideSolutionNode = FALSE
	EndGlobalSection
	GlobalSection(ExtensibilityGlobals) = postSolution
		SolutionGuid = {C234FEDE-70DC-4569-871C-1C6766AFBF24}
	EndGlobalSection
EndGlobal
